
Microsoft Visual Studio Solution File, Format Version 12.00
# Visual Studio Version 17
VisualStudioVersion = 17.11.35219.272
MinimumVisualStudioVersion = 10.0.40219.1
Project("{9A19103F-16F7-4668-BE54-9A1E7A4F7556}") = "Homework1Lab1", "Homework1Lab1\Homework1Lab1.csproj", "{435039BF-A5CB-451F-B96C-F30547CCCF60}"
EndProject
Project("{9A19103F-16F7-4668-BE54-9A1E7A4F7556}") = "MyFirstProgram-1", "MyFirstProgram-1\MyFirstProgram-1.csproj", "{3EE1DA12-36D1-40CD-BA95-EFBC65CCD7B2}"
EndProject
Project("{FAE04EC0-301F-11D3-BF4B-00C04F79EFBC}") = "Homework2Lab1", "Homework2Lab1\Homework2Lab1.csproj", "{76477096-581D-4B65-B2A8-DD2AE4A65408}"
EndProject
Global
	GlobalSection(SolutionConfigurationPlatforms) = preSolution
		Debug|Any CPU = Debug|Any CPU
		Release|Any CPU = Release|Any CPU
	EndGlobalSection
	GlobalSection(ProjectConfigurationPlatforms) = postSolution
		{435039BF-A5CB-451F-B96C-F30547CCCF60}.Debug|Any CPU.ActiveCfg = Debug|Any CPU
		{435039BF-A5CB-451F-B96C-F30547CCCF60}.Debug|Any CPU.Build.0 = Debug|Any CPU
		{435039BF-A5CB-451F-B96C-F30547CCCF60}.Release|Any CPU.ActiveCfg = Release|Any CPU
		{435039BF-A5CB-451F-B96C-F30547CCCF60}.Release|Any CPU.Build.0 = Release|Any CPU
		{3EE1DA12-36D1-40CD-BA95-EFBC65CCD7B2}.Debug|Any CPU.ActiveCfg = Debug|Any CPU
		{3EE1DA12-36D1-40CD-BA95-EFBC65CCD7B2}.Debug|Any CPU.Build.0 = Debug|Any CPU
		{3EE1DA12-36D1-40CD-BA95-EFBC65CCD7B2}.Release|Any CPU.ActiveCfg = Release|Any CPU
		{3EE1DA12-36D1-40CD-BA95-EFBC65CCD7B2}.Release|Any CPU.Build.0 = Release|Any CPU
		{76477096-581D-4B65-B2A8-DD2AE4A65408}.Debug|Any CPU.ActiveCfg = Debug|Any CPU
		{76477096-581D-4B65-B2A8-DD2AE4A65408}.Debug|Any CPU.Build.0 = Debug|Any CPU
		{76477096-581D-4B65-B2A8-DD2AE4A65408}.Release|Any CPU.ActiveCfg = Release|Any CPU
		{76477096-581D-4B65-B2A8-DD2AE4A65408}.Release|Any CPU.Build.0 = Release|Any CPU
	EndGlobalSection
	GlobalSection(SolutionProperties) = preSolution
		HideSolutionNode = FALSE
	EndGlobalSection
	GlobalSection(ExtensibilityGlobals) = postSolution
		SolutionGuid = {7866F330-659A-4B92-BF31-56FCE033E732}
	EndGlobalSection
EndGlobal
