
Microsoft Visual Studio Solution File, Format Version 12.00
# Visual Studio Version 17
VisualStudioVersion = 17.11.35219.272
MinimumVisualStudioVersion = 10.0.40219.1
Project("{9A19103F-16F7-4668-BE54-9A1E7A4F7556}") = "Homework1Lab1", "Homework1Lab1\Homework1Lab1.csproj", "{435039BF-A5CB-451F-B96C-F30547CCCF60}"
EndProject
Project("{9A19103F-16F7-4668-BE54-9A1E7A4F7556}") = "MyFirstProgram-1", "MyFirstProgram-1\MyFirstProgram-1.csproj", "{3EE1DA12-36D1-40CD-BA95-EFBC65CCD7B2}"
EndProject
Project("{9A19103F-16F7-4668-BE54-9A1E7A4F7556}") = "Homework2Lab1", "Homework2Lab1\Homework2Lab1.csproj", "{76477096-581D-4B65-B2A8-DD2AE4A65408}"
EndProject
Project("{9A19103F-16F7-4668-BE54-9A1E7A4F7556}") = "Homework2Lab2", "Homework2Lab2\Homework2Lab2.csproj", "{1804BA5C-0A26-445E-B59A-E7AA131269F0}"
EndProject
Project("{9A19103F-16F7-4668-BE54-9A1E7A4F7556}") = "Homework3_Part1", "Homework3_Part1\Homework3_Part1.csproj", "{1979F638-E50E-4249-948C-820DA8EDC56B}"
EndProject
Project("{9A19103F-16F7-4668-BE54-9A1E7A4F7556}") = "Homework3_Part2", "Homework3_Part2\Homework3_Part2.csproj", "{D501927A-C03F-46B2-A20C-0D361CC6E882}"
EndProject
Project("{9A19103F-16F7-4668-BE54-9A1E7A4F7556}") = "Homework3_Lab1", "Homework3_Lab1\Homework3_Lab1.csproj", "{7AA7FBEB-9571-4953-999B-1CF84855E0FB}"
EndProject
Project("{9A19103F-16F7-4668-BE54-9A1E7A4F7556}") = "Homework4_Part2", "Homework4_Part2\Homework4_Part2.csproj", "{EDC52111-33DD-4F74-B061-CBB21269DF35}"
EndProject
Project("{9A19103F-16F7-4668-BE54-9A1E7A4F7556}") = "Homework4_Part1", "Homework4_Part1\Homework4_Part1.csproj", "{4A65A3EA-0E6E-4834-9990-E1367C4FCD32}"
EndProject
Project("{9A19103F-16F7-4668-BE54-9A1E7A4F7556}") = "Homework4_Lab1", "Homework4_Lab1\Homework4_Lab1.csproj", "{EC967A37-B044-4162-8A1B-BABC7B4E2645}"
EndProject
Project("{9A19103F-16F7-4668-BE54-9A1E7A4F7556}") = "Homework5_Lab1", "Homework5_Lab1\Homework5_Lab1.csproj", "{8FB686E7-0008-44C8-BD91-E016CD1D5A83}"
EndProject
Project("{9A19103F-16F7-4668-BE54-9A1E7A4F7556}") = "Homework5_Part1", "Homework5_Part1\Homework5_Part1.csproj", "{0CE85E7E-659B-4607-A711-64454126E24B}"
EndProject
Project("{9A19103F-16F7-4668-BE54-9A1E7A4F7556}") = "Homework5_Part2", "Homework5_Part2\Homework5_Part2.csproj", "{D56B58B7-17FA-4B54-B38A-57D54B90C57C}"
EndProject
Project("{9A19103F-16F7-4668-BE54-9A1E7A4F7556}") = "Homework6_Part1", "Homework6_Part1\Homework6_Part1.csproj", "{237AD290-2AE6-4EBC-89BC-AB84900CD91A}"
EndProject
Project("{9A19103F-16F7-4668-BE54-9A1E7A4F7556}") = "Homework6_Lab1", "Homework6_Lab1\Homework6_Lab1.csproj", "{34F0284E-71CD-4BC0-8A15-6A52F1EEF8F5}"
EndProject
Project("{9A19103F-16F7-4668-BE54-9A1E7A4F7556}") = "ExtraCredit", "ExtraCredit\ExtraCredit.csproj", "{43DF38FD-5FE5-401A-9514-7D7D1E2795BE}"
EndProject
Project("{9A19103F-16F7-4668-BE54-9A1E7A4F7556}") = "Homework7_Part1", "Homework7_Part1\Homework7_Part1.csproj", "{CB1AEDE3-3807-4A40-BF4B-8930A0F21480}"
EndProject
Project("{9A19103F-16F7-4668-BE54-9A1E7A4F7556}") = "Homework7_Lab1", "Homework7_Lab1\Homework7_Lab1.csproj", "{90880B50-3215-47BA-A29C-C7EC7A0E111E}"
EndProject
Project("{FAE04EC0-301F-11D3-BF4B-00C04F79EFBC}") = "Homework8_Part1", "Homework8_Part1\Homework8_Part1.csproj", "{23608848-9D99-4C1B-A16B-CA872A00A928}"
EndProject
Global
	GlobalSection(SolutionConfigurationPlatforms) = preSolution
		Debug|Any CPU = Debug|Any CPU
		Release|Any CPU = Release|Any CPU
	EndGlobalSection
	GlobalSection(ProjectConfigurationPlatforms) = postSolution
		{435039BF-A5CB-451F-B96C-F30547CCCF60}.Debug|Any CPU.ActiveCfg = Debug|Any CPU
		{435039BF-A5CB-451F-B96C-F30547CCCF60}.Debug|Any CPU.Build.0 = Debug|Any CPU
		{435039BF-A5CB-451F-B96C-F30547CCCF60}.Release|Any CPU.ActiveCfg = Release|Any CPU
		{435039BF-A5CB-451F-B96C-F30547CCCF60}.Release|Any CPU.Build.0 = Release|Any CPU
		{3EE1DA12-36D1-40CD-BA95-EFBC65CCD7B2}.Debug|Any CPU.ActiveCfg = Debug|Any CPU
		{3EE1DA12-36D1-40CD-BA95-EFBC65CCD7B2}.Debug|Any CPU.Build.0 = Debug|Any CPU
		{3EE1DA12-36D1-40CD-BA95-EFBC65CCD7B2}.Release|Any CPU.ActiveCfg = Release|Any CPU
		{3EE1DA12-36D1-40CD-BA95-EFBC65CCD7B2}.Release|Any CPU.Build.0 = Release|Any CPU
		{76477096-581D-4B65-B2A8-DD2AE4A65408}.Debug|Any CPU.ActiveCfg = Debug|Any CPU
		{76477096-581D-4B65-B2A8-DD2AE4A65408}.Debug|Any CPU.Build.0 = Debug|Any CPU
		{76477096-581D-4B65-B2A8-DD2AE4A65408}.Release|Any CPU.ActiveCfg = Release|Any CPU
		{76477096-581D-4B65-B2A8-DD2AE4A65408}.Release|Any CPU.Build.0 = Release|Any CPU
		{1804BA5C-0A26-445E-B59A-E7AA131269F0}.Debug|Any CPU.ActiveCfg = Debug|Any CPU
		{1804BA5C-0A26-445E-B59A-E7AA131269F0}.Debug|Any CPU.Build.0 = Debug|Any CPU
		{1804BA5C-0A26-445E-B59A-E7AA131269F0}.Release|Any CPU.ActiveCfg = Release|Any CPU
		{1804BA5C-0A26-445E-B59A-E7AA131269F0}.Release|Any CPU.Build.0 = Release|Any CPU
		{1979F638-E50E-4249-948C-820DA8EDC56B}.Debug|Any CPU.ActiveCfg = Debug|Any CPU
		{1979F638-E50E-4249-948C-820DA8EDC56B}.Debug|Any CPU.Build.0 = Debug|Any CPU
		{1979F638-E50E-4249-948C-820DA8EDC56B}.Release|Any CPU.ActiveCfg = Release|Any CPU
		{1979F638-E50E-4249-948C-820DA8EDC56B}.Release|Any CPU.Build.0 = Release|Any CPU
		{D501927A-C03F-46B2-A20C-0D361CC6E882}.Debug|Any CPU.ActiveCfg = Debug|Any CPU
		{D501927A-C03F-46B2-A20C-0D361CC6E882}.Debug|Any CPU.Build.0 = Debug|Any CPU
		{D501927A-C03F-46B2-A20C-0D361CC6E882}.Release|Any CPU.ActiveCfg = Release|Any CPU
		{D501927A-C03F-46B2-A20C-0D361CC6E882}.Release|Any CPU.Build.0 = Release|Any CPU
		{7AA7FBEB-9571-4953-999B-1CF84855E0FB}.Debug|Any CPU.ActiveCfg = Debug|Any CPU
		{7AA7FBEB-9571-4953-999B-1CF84855E0FB}.Debug|Any CPU.Build.0 = Debug|Any CPU
		{7AA7FBEB-9571-4953-999B-1CF84855E0FB}.Release|Any CPU.ActiveCfg = Release|Any CPU
		{7AA7FBEB-9571-4953-999B-1CF84855E0FB}.Release|Any CPU.Build.0 = Release|Any CPU
		{EDC52111-33DD-4F74-B061-CBB21269DF35}.Debug|Any CPU.ActiveCfg = Debug|Any CPU
		{EDC52111-33DD-4F74-B061-CBB21269DF35}.Debug|Any CPU.Build.0 = Debug|Any CPU
		{EDC52111-33DD-4F74-B061-CBB21269DF35}.Release|Any CPU.ActiveCfg = Release|Any CPU
		{EDC52111-33DD-4F74-B061-CBB21269DF35}.Release|Any CPU.Build.0 = Release|Any CPU
		{4A65A3EA-0E6E-4834-9990-E1367C4FCD32}.Debug|Any CPU.ActiveCfg = Debug|Any CPU
		{4A65A3EA-0E6E-4834-9990-E1367C4FCD32}.Debug|Any CPU.Build.0 = Debug|Any CPU
		{4A65A3EA-0E6E-4834-9990-E1367C4FCD32}.Release|Any CPU.ActiveCfg = Release|Any CPU
		{4A65A3EA-0E6E-4834-9990-E1367C4FCD32}.Release|Any CPU.Build.0 = Release|Any CPU
		{EC967A37-B044-4162-8A1B-BABC7B4E2645}.Debug|Any CPU.ActiveCfg = Debug|Any CPU
		{EC967A37-B044-4162-8A1B-BABC7B4E2645}.Debug|Any CPU.Build.0 = Debug|Any CPU
		{EC967A37-B044-4162-8A1B-BABC7B4E2645}.Release|Any CPU.ActiveCfg = Release|Any CPU
		{EC967A37-B044-4162-8A1B-BABC7B4E2645}.Release|Any CPU.Build.0 = Release|Any CPU
		{8FB686E7-0008-44C8-BD91-E016CD1D5A83}.Debug|Any CPU.ActiveCfg = Debug|Any CPU
		{8FB686E7-0008-44C8-BD91-E016CD1D5A83}.Debug|Any CPU.Build.0 = Debug|Any CPU
		{8FB686E7-0008-44C8-BD91-E016CD1D5A83}.Release|Any CPU.ActiveCfg = Release|Any CPU
		{8FB686E7-0008-44C8-BD91-E016CD1D5A83}.Release|Any CPU.Build.0 = Release|Any CPU
		{0CE85E7E-659B-4607-A711-64454126E24B}.Debug|Any CPU.ActiveCfg = Debug|Any CPU
		{0CE85E7E-659B-4607-A711-64454126E24B}.Debug|Any CPU.Build.0 = Debug|Any CPU
		{0CE85E7E-659B-4607-A711-64454126E24B}.Release|Any CPU.ActiveCfg = Release|Any CPU
		{0CE85E7E-659B-4607-A711-64454126E24B}.Release|Any CPU.Build.0 = Release|Any CPU
		{D56B58B7-17FA-4B54-B38A-57D54B90C57C}.Debug|Any CPU.ActiveCfg = Debug|Any CPU
		{D56B58B7-17FA-4B54-B38A-57D54B90C57C}.Debug|Any CPU.Build.0 = Debug|Any CPU
		{D56B58B7-17FA-4B54-B38A-57D54B90C57C}.Release|Any CPU.ActiveCfg = Release|Any CPU
		{D56B58B7-17FA-4B54-B38A-57D54B90C57C}.Release|Any CPU.Build.0 = Release|Any CPU
		{237AD290-2AE6-4EBC-89BC-AB84900CD91A}.Debug|Any CPU.ActiveCfg = Debug|Any CPU
		{237AD290-2AE6-4EBC-89BC-AB84900CD91A}.Debug|Any CPU.Build.0 = Debug|Any CPU
		{237AD290-2AE6-4EBC-89BC-AB84900CD91A}.Release|Any CPU.ActiveCfg = Release|Any CPU
		{237AD290-2AE6-4EBC-89BC-AB84900CD91A}.Release|Any CPU.Build.0 = Release|Any CPU
		{34F0284E-71CD-4BC0-8A15-6A52F1EEF8F5}.Debug|Any CPU.ActiveCfg = Debug|Any CPU
		{34F0284E-71CD-4BC0-8A15-6A52F1EEF8F5}.Debug|Any CPU.Build.0 = Debug|Any CPU
		{34F0284E-71CD-4BC0-8A15-6A52F1EEF8F5}.Release|Any CPU.ActiveCfg = Release|Any CPU
		{34F0284E-71CD-4BC0-8A15-6A52F1EEF8F5}.Release|Any CPU.Build.0 = Release|Any CPU
		{43DF38FD-5FE5-401A-9514-7D7D1E2795BE}.Debug|Any CPU.ActiveCfg = Debug|Any CPU
		{43DF38FD-5FE5-401A-9514-7D7D1E2795BE}.Debug|Any CPU.Build.0 = Debug|Any CPU
		{43DF38FD-5FE5-401A-9514-7D7D1E2795BE}.Release|Any CPU.ActiveCfg = Release|Any CPU
		{43DF38FD-5FE5-401A-9514-7D7D1E2795BE}.Release|Any CPU.Build.0 = Release|Any CPU
		{CB1AEDE3-3807-4A40-BF4B-8930A0F21480}.Debug|Any CPU.ActiveCfg = Debug|Any CPU
		{CB1AEDE3-3807-4A40-BF4B-8930A0F21480}.Debug|Any CPU.Build.0 = Debug|Any CPU
		{CB1AEDE3-3807-4A40-BF4B-8930A0F21480}.Release|Any CPU.ActiveCfg = Release|Any CPU
		{CB1AEDE3-3807-4A40-BF4B-8930A0F21480}.Release|Any CPU.Build.0 = Release|Any CPU
		{90880B50-3215-47BA-A29C-C7EC7A0E111E}.Debug|Any CPU.ActiveCfg = Debug|Any CPU
		{90880B50-3215-47BA-A29C-C7EC7A0E111E}.Debug|Any CPU.Build.0 = Debug|Any CPU
		{90880B50-3215-47BA-A29C-C7EC7A0E111E}.Release|Any CPU.ActiveCfg = Release|Any CPU
		{90880B50-3215-47BA-A29C-C7EC7A0E111E}.Release|Any CPU.Build.0 = Release|Any CPU
		{23608848-9D99-4C1B-A16B-CA872A00A928}.Debug|Any CPU.ActiveCfg = Debug|Any CPU
		{23608848-9D99-4C1B-A16B-CA872A00A928}.Debug|Any CPU.Build.0 = Debug|Any CPU
		{23608848-9D99-4C1B-A16B-CA872A00A928}.Release|Any CPU.ActiveCfg = Release|Any CPU
		{23608848-9D99-4C1B-A16B-CA872A00A928}.Release|Any CPU.Build.0 = Release|Any CPU
	EndGlobalSection
	GlobalSection(SolutionProperties) = preSolution
		HideSolutionNode = FALSE
	EndGlobalSection
	GlobalSection(ExtensibilityGlobals) = postSolution
		SolutionGuid = {7866F330-659A-4B92-BF31-56FCE033E732}
	EndGlobalSection
EndGlobal
